
Microsoft Visual Studio Solution File, Format Version 12.00
# Visual Studio 15
VisualStudioVersion = 15.0.28307.539
MinimumVisualStudioVersion = 10.0.40219.1
Project("{9A19103F-16F7-4668-BE54-9A1E7A4F7556}") = "BookingGatewayService", "BookingGatewayService\BookingGatewayService.csproj", "{32AC4C3E-DB48-4DB7-975F-1B9D4BE7EC20}"
EndProject
Project("{9A19103F-16F7-4668-BE54-9A1E7A4F7556}") = "BookingGatewayService.Tests", "BookingGatewayService.Tests\BookingGatewayService.Tests.csproj", "{3CC20D09-1848-47A7-8BD8-C3A4A81B9926}"
EndProject
Project("{FAE04EC0-301F-11D3-BF4B-00C04F79EFBC}") = "BookingGatewayRepository", "BookingGatewayRepository\BookingGatewayRepository.csproj", "{24962107-B808-40BC-BCE2-01A02002A543}"
EndProject
Global
	GlobalSection(SolutionConfigurationPlatforms) = preSolution
		Debug|Any CPU = Debug|Any CPU
		Release|Any CPU = Release|Any CPU
	EndGlobalSection
	GlobalSection(ProjectConfigurationPlatforms) = postSolution
		{32AC4C3E-DB48-4DB7-975F-1B9D4BE7EC20}.Debug|Any CPU.ActiveCfg = Debug|Any CPU
		{32AC4C3E-DB48-4DB7-975F-1B9D4BE7EC20}.Debug|Any CPU.Build.0 = Debug|Any CPU
		{32AC4C3E-DB48-4DB7-975F-1B9D4BE7EC20}.Release|Any CPU.ActiveCfg = Release|Any CPU
		{32AC4C3E-DB48-4DB7-975F-1B9D4BE7EC20}.Release|Any CPU.Build.0 = Release|Any CPU
		{3CC20D09-1848-47A7-8BD8-C3A4A81B9926}.Debug|Any CPU.ActiveCfg = Debug|Any CPU
		{3CC20D09-1848-47A7-8BD8-C3A4A81B9926}.Debug|Any CPU.Build.0 = Debug|Any CPU
		{3CC20D09-1848-47A7-8BD8-C3A4A81B9926}.Release|Any CPU.ActiveCfg = Release|Any CPU
		{3CC20D09-1848-47A7-8BD8-C3A4A81B9926}.Release|Any CPU.Build.0 = Release|Any CPU
		{24962107-B808-40BC-BCE2-01A02002A543}.Debug|Any CPU.ActiveCfg = Debug|Any CPU
		{24962107-B808-40BC-BCE2-01A02002A543}.Debug|Any CPU.Build.0 = Debug|Any CPU
		{24962107-B808-40BC-BCE2-01A02002A543}.Release|Any CPU.ActiveCfg = Release|Any CPU
		{24962107-B808-40BC-BCE2-01A02002A543}.Release|Any CPU.Build.0 = Release|Any CPU
	EndGlobalSection
	GlobalSection(SolutionProperties) = preSolution
		HideSolutionNode = FALSE
	EndGlobalSection
	GlobalSection(ExtensibilityGlobals) = postSolution
		SolutionGuid = {A6634253-6F0A-4F7B-8F20-9DFAD445A0A9}
	EndGlobalSection
EndGlobal
